
Microsoft Visual Studio Solution File, Format Version 12.00
# Visual Studio Version 17
VisualStudioVersion = 17.7.34221.43
MinimumVisualStudioVersion = 10.0.40219.1
Project("{9A19103F-16F7-4668-BE54-9A1E7A4F7556}") = "Datagent", "Datagent\Datagent.csproj", "{75FCEC8A-AADC-460B-B62A-A26DF98C8192}"
EndProject
Project("{9A19103F-16F7-4668-BE54-9A1E7A4F7556}") = "DatagentMonitor", "DatagentMonitor\DatagentMonitor.csproj", "{75B17736-FF21-47BF-8B60-97489C8876B6}"
EndProject
Project("{9A19103F-16F7-4668-BE54-9A1E7A4F7556}") = "DatagentShared", "DatagentShared\DatagentShared.csproj", "{293762AE-9ED0-435A-BCC9-339131378719}"
EndProject
Project("{FAE04EC0-301F-11D3-BF4B-00C04F79EFBC}") = "DatagentMonitorTests", "DatagentMonitorTests\DatagentMonitorTests.csproj", "{434864B0-25E3-40FE-AE90-1F898B4491E1}"
EndProject
Global
	GlobalSection(SolutionConfigurationPlatforms) = preSolution
		Debug|Any CPU = Debug|Any CPU
		Release|Any CPU = Release|Any CPU
	EndGlobalSection
	GlobalSection(ProjectConfigurationPlatforms) = postSolution
		{75FCEC8A-AADC-460B-B62A-A26DF98C8192}.Debug|Any CPU.ActiveCfg = Debug|Any CPU
		{75FCEC8A-AADC-460B-B62A-A26DF98C8192}.Debug|Any CPU.Build.0 = Debug|Any CPU
		{75FCEC8A-AADC-460B-B62A-A26DF98C8192}.Release|Any CPU.ActiveCfg = Release|Any CPU
		{75FCEC8A-AADC-460B-B62A-A26DF98C8192}.Release|Any CPU.Build.0 = Release|Any CPU
		{75B17736-FF21-47BF-8B60-97489C8876B6}.Debug|Any CPU.ActiveCfg = Debug|Any CPU
		{75B17736-FF21-47BF-8B60-97489C8876B6}.Debug|Any CPU.Build.0 = Debug|Any CPU
		{75B17736-FF21-47BF-8B60-97489C8876B6}.Release|Any CPU.ActiveCfg = Release|Any CPU
		{75B17736-FF21-47BF-8B60-97489C8876B6}.Release|Any CPU.Build.0 = Release|Any CPU
		{293762AE-9ED0-435A-BCC9-339131378719}.Debug|Any CPU.ActiveCfg = Debug|Any CPU
		{293762AE-9ED0-435A-BCC9-339131378719}.Debug|Any CPU.Build.0 = Debug|Any CPU
		{293762AE-9ED0-435A-BCC9-339131378719}.Release|Any CPU.ActiveCfg = Release|Any CPU
		{293762AE-9ED0-435A-BCC9-339131378719}.Release|Any CPU.Build.0 = Release|Any CPU
		{434864B0-25E3-40FE-AE90-1F898B4491E1}.Debug|Any CPU.ActiveCfg = Debug|Any CPU
		{434864B0-25E3-40FE-AE90-1F898B4491E1}.Debug|Any CPU.Build.0 = Debug|Any CPU
		{434864B0-25E3-40FE-AE90-1F898B4491E1}.Release|Any CPU.ActiveCfg = Release|Any CPU
		{434864B0-25E3-40FE-AE90-1F898B4491E1}.Release|Any CPU.Build.0 = Release|Any CPU
	EndGlobalSection
	GlobalSection(SolutionProperties) = preSolution
		HideSolutionNode = FALSE
	EndGlobalSection
	GlobalSection(ExtensibilityGlobals) = postSolution
		SolutionGuid = {02FEC259-9293-4DA5-98AE-60377A34836E}
	EndGlobalSection
EndGlobal
